
Microsoft Visual Studio Solution File, Format Version 12.00
# Visual Studio 14
VisualStudioVersion = 14.0.24720.0
MinimumVisualStudioVersion = 10.0.40219.1
Project("{FAE04EC0-301F-11D3-BF4B-00C04F79EFBC}") = "Systex.Dynamics.WebApi", "SYSTEX.Dynamics.WebApi\Systex.Dynamics.WebApi.csproj", "{F408E36A-7783-490A-B809-DF83C2988CB2}"
EndProject
Project("{FAE04EC0-301F-11D3-BF4B-00C04F79EFBC}") = "Systex.Dynamics.Api.Extension", "Systex.Dynamics.Api.Extension\Systex.Dynamics.Api.Extension.csproj", "{9218FDCD-172F-4128-B624-5ACD97035AB7}"
EndProject
Global
	GlobalSection(SolutionConfigurationPlatforms) = preSolution
		Debug|Any CPU = Debug|Any CPU
		Release|Any CPU = Release|Any CPU
	EndGlobalSection
	GlobalSection(ProjectConfigurationPlatforms) = postSolution
		{F408E36A-7783-490A-B809-DF83C2988CB2}.Debug|Any CPU.ActiveCfg = Debug|Any CPU
		{F408E36A-7783-490A-B809-DF83C2988CB2}.Debug|Any CPU.Build.0 = Debug|Any CPU
		{F408E36A-7783-490A-B809-DF83C2988CB2}.Release|Any CPU.ActiveCfg = Release|Any CPU
		{F408E36A-7783-490A-B809-DF83C2988CB2}.Release|Any CPU.Build.0 = Release|Any CPU
		{9218FDCD-172F-4128-B624-5ACD97035AB7}.Debug|Any CPU.ActiveCfg = Debug|Any CPU
		{9218FDCD-172F-4128-B624-5ACD97035AB7}.Debug|Any CPU.Build.0 = Debug|Any CPU
		{9218FDCD-172F-4128-B624-5ACD97035AB7}.Release|Any CPU.ActiveCfg = Release|Any CPU
		{9218FDCD-172F-4128-B624-5ACD97035AB7}.Release|Any CPU.Build.0 = Release|Any CPU
	EndGlobalSection
	GlobalSection(SolutionProperties) = preSolution
		HideSolutionNode = FALSE
	EndGlobalSection
EndGlobal
